// !$*UTF8*$!
{
	archiveVersion = 1;
	classes = {
	};
	objectVersion = 51;
	objects = {

/* Begin PBXBuildFile section */
		F2083EA32552588B002C57DB /* CodableBundleExtension.swift in Sources */ = {isa = PBXBuildFile; fileRef = F2083EA22552588B002C57DB /* CodableBundleExtension.swift */; };
		F238770B2553B5E600F100B3 /* TeamListItemView.swift in Sources */ = {isa = PBXBuildFile; fileRef = F238770A2553B5E600F100B3 /* TeamListItemView.swift */; };
		F238770E255453AA00F100B3 /* PodListItemView.swift in Sources */ = {isa = PBXBuildFile; fileRef = F238770D255453AA00F100B3 /* PodListItemView.swift */; };
		F268CE702558FC480088747E /* Pod.swift in Sources */ = {isa = PBXBuildFile; fileRef = F268CE6F2558FC480088747E /* Pod.swift */; };
		F268CE76255906D70088747E /* GoogleService-Info.plist in Resources */ = {isa = PBXBuildFile; fileRef = F268CE75255906D70088747E /* GoogleService-Info.plist */; };
		F27DE9E9255C681E00E7BA02 /* TeamsViewModel.swift in Sources */ = {isa = PBXBuildFile; fileRef = F27DE9E8255C681E00E7BA02 /* TeamsViewModel.swift */; };
		F27DE9EE255C6AC000E7BA02 /* TeamModel.swift in Sources */ = {isa = PBXBuildFile; fileRef = F27DE9ED255C6AC000E7BA02 /* TeamModel.swift */; };
		F27DEA5D255C9FAE00E7BA02 /* podfile in Resources */ = {isa = PBXBuildFile; fileRef = F27DEA5C255C9FAE00E7BA02 /* podfile */; };
		F28F4B1825524329007A758E /* BTG_Fantasy_Football_PodsApp.swift in Sources */ = {isa = PBXBuildFile; fileRef = F28F4B1725524329007A758E /* BTG_Fantasy_Football_PodsApp.swift */; };
		F28F4B1A25524329007A758E /* ContentView.swift in Sources */ = {isa = PBXBuildFile; fileRef = F28F4B1925524329007A758E /* ContentView.swift */; };
		F28F4B1C25524329007A758E /* Assets.xcassets in Resources */ = {isa = PBXBuildFile; fileRef = F28F4B1B25524329007A758E /* Assets.xcassets */; };
		F28F4B1F25524329007A758E /* Preview Assets.xcassets in Resources */ = {isa = PBXBuildFile; fileRef = F28F4B1E25524329007A758E /* Preview Assets.xcassets */; };
		F28F4B2A2552479B007A758E /* MainView.swift in Sources */ = {isa = PBXBuildFile; fileRef = F28F4B292552479B007A758E /* MainView.swift */; };
		F28F4B3025524CC4007A758E /* Constants.swift in Sources */ = {isa = PBXBuildFile; fileRef = F28F4B2F25524CC4007A758E /* Constants.swift */; };
		F28F4B3425524E2C007A758E /* MatchesView.swift in Sources */ = {isa = PBXBuildFile; fileRef = F28F4B3325524E2C007A758E /* MatchesView.swift */; };
		F28F4B3A25525222007A758E /* teams.json in Resources */ = {isa = PBXBuildFile; fileRef = F28F4B3925525222007A758E /* teams.json */; };
/* End PBXBuildFile section */

/* Begin PBXFileReference section */
		792E8044142FC58962AA738D /* Pods-BTG Fantasy Football Pods.release.xcconfig */ = {isa = PBXFileReference; includeInIndex = 1; lastKnownFileType = text.xcconfig; name = "Pods-BTG Fantasy Football Pods.release.xcconfig"; path = "Target Support Files/Pods-BTG Fantasy Football Pods/Pods-BTG Fantasy Football Pods.release.xcconfig"; sourceTree = "<group>"; };
		BAA6B99614BD1711739957C2 /* Pods-BTG Fantasy Football Pods.debug.xcconfig */ = {isa = PBXFileReference; includeInIndex = 1; lastKnownFileType = text.xcconfig; name = "Pods-BTG Fantasy Football Pods.debug.xcconfig"; path = "Target Support Files/Pods-BTG Fantasy Football Pods/Pods-BTG Fantasy Football Pods.debug.xcconfig"; sourceTree = "<group>"; };
		F2083EA22552588B002C57DB /* CodableBundleExtension.swift */ = {isa = PBXFileReference; lastKnownFileType = sourcecode.swift; path = CodableBundleExtension.swift; sourceTree = "<group>"; };
		F238770A2553B5E600F100B3 /* TeamListItemView.swift */ = {isa = PBXFileReference; lastKnownFileType = sourcecode.swift; path = TeamListItemView.swift; sourceTree = "<group>"; };
		F238770D255453AA00F100B3 /* PodListItemView.swift */ = {isa = PBXFileReference; lastKnownFileType = sourcecode.swift; path = PodListItemView.swift; sourceTree = "<group>"; };
		F268CE6F2558FC480088747E /* Pod.swift */ = {isa = PBXFileReference; lastKnownFileType = sourcecode.swift; path = Pod.swift; sourceTree = "<group>"; };
		F268CE75255906D70088747E /* GoogleService-Info.plist */ = {isa = PBXFileReference; fileEncoding = 4; lastKnownFileType = text.plist.xml; path = "GoogleService-Info.plist"; sourceTree = "<group>"; };
		F27DE9E8255C681E00E7BA02 /* TeamsViewModel.swift */ = {isa = PBXFileReference; lastKnownFileType = sourcecode.swift; path = TeamsViewModel.swift; sourceTree = "<group>"; };
		F27DE9ED255C6AC000E7BA02 /* TeamModel.swift */ = {isa = PBXFileReference; lastKnownFileType = sourcecode.swift; path = TeamModel.swift; sourceTree = "<group>"; };
		F27DEA5C255C9FAE00E7BA02 /* podfile */ = {isa = PBXFileReference; lastKnownFileType = text; path = podfile; sourceTree = "<group>"; };
		F28F4B1425524329007A758E /* BTG Fantasy Football Pods.app */ = {isa = PBXFileReference; explicitFileType = wrapper.application; includeInIndex = 0; path = "BTG Fantasy Football Pods.app"; sourceTree = BUILT_PRODUCTS_DIR; };
		F28F4B1725524329007A758E /* BTG_Fantasy_Football_PodsApp.swift */ = {isa = PBXFileReference; lastKnownFileType = sourcecode.swift; path = BTG_Fantasy_Football_PodsApp.swift; sourceTree = "<group>"; };
		F28F4B1925524329007A758E /* ContentView.swift */ = {isa = PBXFileReference; lastKnownFileType = sourcecode.swift; path = ContentView.swift; sourceTree = "<group>"; };
		F28F4B1B25524329007A758E /* Assets.xcassets */ = {isa = PBXFileReference; lastKnownFileType = folder.assetcatalog; path = Assets.xcassets; sourceTree = "<group>"; };
		F28F4B1E25524329007A758E /* Preview Assets.xcassets */ = {isa = PBXFileReference; lastKnownFileType = folder.assetcatalog; path = "Preview Assets.xcassets"; sourceTree = "<group>"; };
		F28F4B2025524329007A758E /* Info.plist */ = {isa = PBXFileReference; lastKnownFileType = text.plist.xml; path = Info.plist; sourceTree = "<group>"; };
		F28F4B292552479B007A758E /* MainView.swift */ = {isa = PBXFileReference; lastKnownFileType = sourcecode.swift; path = MainView.swift; sourceTree = "<group>"; };
		F28F4B2F25524CC4007A758E /* Constants.swift */ = {isa = PBXFileReference; lastKnownFileType = sourcecode.swift; path = Constants.swift; sourceTree = "<group>"; };
		F28F4B3325524E2C007A758E /* MatchesView.swift */ = {isa = PBXFileReference; lastKnownFileType = sourcecode.swift; path = MatchesView.swift; sourceTree = "<group>"; };
		F28F4B3925525222007A758E /* teams.json */ = {isa = PBXFileReference; lastKnownFileType = text.json; path = teams.json; sourceTree = "<group>"; };
/* End PBXFileReference section */

/* Begin PBXFrameworksBuildPhase section */
		F28F4B1125524329007A758E /* Frameworks */ = {
			isa = PBXFrameworksBuildPhase;
			buildActionMask = 2147483647;
			files = (
			);
			runOnlyForDeploymentPostprocessing = 0;
		};
/* End PBXFrameworksBuildPhase section */

/* Begin PBXGroup section */
		85616FEC0D27957287A52E3F /* Pods */ = {
			isa = PBXGroup;
			children = (
				BAA6B99614BD1711739957C2 /* Pods-BTG Fantasy Football Pods.debug.xcconfig */,
				792E8044142FC58962AA738D /* Pods-BTG Fantasy Football Pods.release.xcconfig */,
			);
			path = Pods;
			sourceTree = "<group>";
		};
		DEA1202444259A4A7272B020 /* Frameworks */ = {
			isa = PBXGroup;
			children = (
			);
			name = Frameworks;
			sourceTree = "<group>";
		};
		F2083EA125525865002C57DB /* Extension */ = {
			isa = PBXGroup;
			children = (
				F2083EA22552588B002C57DB /* CodableBundleExtension.swift */,
			);
			path = Extension;
			sourceTree = "<group>";
		};
		F2083EA625530E82002C57DB /* View */ = {
			isa = PBXGroup;
			children = (
				F238770A2553B5E600F100B3 /* TeamListItemView.swift */,
				F238770D255453AA00F100B3 /* PodListItemView.swift */,
			);
			path = View;
			sourceTree = "<group>";
		};
		F27DE9E7255C680300E7BA02 /* ViewModel */ = {
			isa = PBXGroup;
			children = (
				F27DE9E8255C681E00E7BA02 /* TeamsViewModel.swift */,
			);
			path = ViewModel;
			sourceTree = "<group>";
		};
		F28F4B0B25524329007A758E = {
			isa = PBXGroup;
			children = (
				F27DEA5C255C9FAE00E7BA02 /* podfile */,
				F28F4B1625524329007A758E /* BTG Fantasy Football Pods */,
				F28F4B1525524329007A758E /* Products */,
				85616FEC0D27957287A52E3F /* Pods */,
				DEA1202444259A4A7272B020 /* Frameworks */,
			);
			sourceTree = "<group>";
		};
		F28F4B1525524329007A758E /* Products */ = {
			isa = PBXGroup;
			children = (
				F28F4B1425524329007A758E /* BTG Fantasy Football Pods.app */,
			);
			name = Products;
			sourceTree = "<group>";
		};
		F28F4B1625524329007A758E /* BTG Fantasy Football Pods */ = {
			isa = PBXGroup;
			children = (
				F28F4B2E25524CB3007A758E /* Model */,
				F28F4B272552471E007A758E /* App */,
				F2083EA625530E82002C57DB /* View */,
				F27DE9E7255C680300E7BA02 /* ViewModel */,
				F28F4B38255251A8007A758E /* Data */,
				F2083EA125525865002C57DB /* Extension */,
				F28F4B1B25524329007A758E /* Assets.xcassets */,
				F28F4B2025524329007A758E /* Info.plist */,
				F268CE75255906D70088747E /* GoogleService-Info.plist */,
				F28F4B1D25524329007A758E /* Preview Content */,
			);
			path = "BTG Fantasy Football Pods";
			sourceTree = "<group>";
		};
		F28F4B1D25524329007A758E /* Preview Content */ = {
			isa = PBXGroup;
			children = (
				F28F4B1E25524329007A758E /* Preview Assets.xcassets */,
			);
			path = "Preview Content";
			sourceTree = "<group>";
		};
		F28F4B272552471E007A758E /* App */ = {
			isa = PBXGroup;
			children = (
				F28F4B1725524329007A758E /* BTG_Fantasy_Football_PodsApp.swift */,
				F28F4B292552479B007A758E /* MainView.swift */,
				F28F4B1925524329007A758E /* ContentView.swift */,
				F28F4B3325524E2C007A758E /* MatchesView.swift */,
			);
			path = App;
			sourceTree = "<group>";
		};
		F28F4B2E25524CB3007A758E /* Model */ = {
			isa = PBXGroup;
			children = (
				F28F4B2F25524CC4007A758E /* Constants.swift */,
				F268CE6F2558FC480088747E /* Pod.swift */,
				F27DE9ED255C6AC000E7BA02 /* TeamModel.swift */,
			);
			path = Model;
			sourceTree = "<group>";
		};
		F28F4B38255251A8007A758E /* Data */ = {
			isa = PBXGroup;
			children = (
				F28F4B3925525222007A758E /* teams.json */,
			);
			path = Data;
			sourceTree = "<group>";
		};
/* End PBXGroup section */

/* Begin PBXNativeTarget section */
		F28F4B1325524329007A758E /* BTG Fantasy Football Pods */ = {
			isa = PBXNativeTarget;
			buildConfigurationList = F28F4B2325524329007A758E /* Build configuration list for PBXNativeTarget "BTG Fantasy Football Pods" */;
			buildPhases = (
				5954EA0B3208FF2B15590021 /* [CP] Check Pods Manifest.lock */,
				F28F4B1025524329007A758E /* Sources */,
				F28F4B1125524329007A758E /* Frameworks */,
				F28F4B1225524329007A758E /* Resources */,
				E49D9DE730D7F625492250DC /* [CP] Embed Pods Frameworks */,
			);
			buildRules = (
			);
			dependencies = (
			);
			name = "BTG Fantasy Football Pods";
			productName = "BTG Fantasy Football Pods";
			productReference = F28F4B1425524329007A758E /* BTG Fantasy Football Pods.app */;
			productType = "com.apple.product-type.application";
		};
/* End PBXNativeTarget section */

/* Begin PBXProject section */
		F28F4B0C25524329007A758E /* Project object */ = {
			isa = PBXProject;
			attributes = {
				LastSwiftUpdateCheck = 1210;
				LastUpgradeCheck = 1210;
				TargetAttributes = {
					F28F4B1325524329007A758E = {
						CreatedOnToolsVersion = 12.1;
					};
				};
			};
			buildConfigurationList = F28F4B0F25524329007A758E /* Build configuration list for PBXProject "BTG Fantasy Football Pods" */;
			compatibilityVersion = "Xcode 9.3";
			developmentRegion = en;
			hasScannedForEncodings = 0;
			knownRegions = (
				en,
				Base,
			);
			mainGroup = F28F4B0B25524329007A758E;
			productRefGroup = F28F4B1525524329007A758E /* Products */;
			projectDirPath = "";
			projectRoot = "";
			targets = (
				F28F4B1325524329007A758E /* BTG Fantasy Football Pods */,
			);
		};
/* End PBXProject section */

/* Begin PBXResourcesBuildPhase section */
		F28F4B1225524329007A758E /* Resources */ = {
			isa = PBXResourcesBuildPhase;
			buildActionMask = 2147483647;
			files = (
				F28F4B3A25525222007A758E /* teams.json in Resources */,
				F28F4B1F25524329007A758E /* Preview Assets.xcassets in Resources */,
				F27DEA5D255C9FAE00E7BA02 /* podfile in Resources */,
				F268CE76255906D70088747E /* GoogleService-Info.plist in Resources */,
				F28F4B1C25524329007A758E /* Assets.xcassets in Resources */,
			);
			runOnlyForDeploymentPostprocessing = 0;
		};
/* End PBXResourcesBuildPhase section */

/* Begin PBXShellScriptBuildPhase section */
		5954EA0B3208FF2B15590021 /* [CP] Check Pods Manifest.lock */ = {
			isa = PBXShellScriptBuildPhase;
			buildActionMask = 2147483647;
			files = (
			);
			inputFileListPaths = (
			);
			inputPaths = (
				"${PODS_PODFILE_DIR_PATH}/Podfile.lock",
				"${PODS_ROOT}/Manifest.lock",
			);
			name = "[CP] Check Pods Manifest.lock";
			outputFileListPaths = (
			);
			outputPaths = (
				"$(DERIVED_FILE_DIR)/Pods-BTG Fantasy Football Pods-checkManifestLockResult.txt",
			);
			runOnlyForDeploymentPostprocessing = 0;
			shellPath = /bin/sh;
			shellScript = "diff \"${PODS_PODFILE_DIR_PATH}/Podfile.lock\" \"${PODS_ROOT}/Manifest.lock\" > /dev/null\nif [ $? != 0 ] ; then\n    # print error to STDERR\n    echo \"error: The sandbox is not in sync with the Podfile.lock. Run 'pod install' or update your CocoaPods installation.\" >&2\n    exit 1\nfi\n# This output is used by Xcode 'outputs' to avoid re-running this script phase.\necho \"SUCCESS\" > \"${SCRIPT_OUTPUT_FILE_0}\"\n";
			showEnvVarsInLog = 0;
		};
		E49D9DE730D7F625492250DC /* [CP] Embed Pods Frameworks */ = {
			isa = PBXShellScriptBuildPhase;
			buildActionMask = 2147483647;
			files = (
			);
			inputFileListPaths = (
				"${PODS_ROOT}/Target Support Files/Pods-BTG Fantasy Football Pods/Pods-BTG Fantasy Football Pods-frameworks-${CONFIGURATION}-input-files.xcfilelist",
			);
			name = "[CP] Embed Pods Frameworks";
			outputFileListPaths = (
				"${PODS_ROOT}/Target Support Files/Pods-BTG Fantasy Football Pods/Pods-BTG Fantasy Football Pods-frameworks-${CONFIGURATION}-output-files.xcfilelist",
			);
			runOnlyForDeploymentPostprocessing = 0;
			shellPath = /bin/sh;
			shellScript = "\"${PODS_ROOT}/Target Support Files/Pods-BTG Fantasy Football Pods/Pods-BTG Fantasy Football Pods-frameworks.sh\"\n";
			showEnvVarsInLog = 0;
		};
/* End PBXShellScriptBuildPhase section */

/* Begin PBXSourcesBuildPhase section */
		F28F4B1025524329007A758E /* Sources */ = {
			isa = PBXSourcesBuildPhase;
			buildActionMask = 2147483647;
			files = (
				F28F4B1A25524329007A758E /* ContentView.swift in Sources */,
				F27DE9E9255C681E00E7BA02 /* TeamsViewModel.swift in Sources */,
				F27DE9EE255C6AC000E7BA02 /* TeamModel.swift in Sources */,
				F28F4B2A2552479B007A758E /* MainView.swift in Sources */,
				F28F4B1825524329007A758E /* BTG_Fantasy_Football_PodsApp.swift in Sources */,
				F28F4B3425524E2C007A758E /* MatchesView.swift in Sources */,
				F268CE702558FC480088747E /* Pod.swift in Sources */,
				F2083EA32552588B002C57DB /* CodableBundleExtension.swift in Sources */,
				F238770E255453AA00F100B3 /* PodListItemView.swift in Sources */,
				F238770B2553B5E600F100B3 /* TeamListItemView.swift in Sources */,
				F28F4B3025524CC4007A758E /* Constants.swift in Sources */,
			);
			runOnlyForDeploymentPostprocessing = 0;
		};
/* End PBXSourcesBuildPhase section */

/* Begin XCBuildConfiguration section */
		F28F4B2125524329007A758E /* Debug */ = {
			isa = XCBuildConfiguration;
			buildSettings = {
				ALWAYS_SEARCH_USER_PATHS = NO;
				CLANG_ANALYZER_NONNULL = YES;
				CLANG_ANALYZER_NUMBER_OBJECT_CONVERSION = YES_AGGRESSIVE;
				CLANG_CXX_LANGUAGE_STANDARD = "gnu++14";
				CLANG_CXX_LIBRARY = "libc++";
				CLANG_ENABLE_MODULES = YES;
				CLANG_ENABLE_OBJC_ARC = YES;
				CLANG_ENABLE_OBJC_WEAK = YES;
				CLANG_WARN_BLOCK_CAPTURE_AUTORELEASING = YES;
				CLANG_WARN_BOOL_CONVERSION = YES;
				CLANG_WARN_COMMA = YES;
				CLANG_WARN_CONSTANT_CONVERSION = YES;
				CLANG_WARN_DEPRECATED_OBJC_IMPLEMENTATIONS = YES;
				CLANG_WARN_DIRECT_OBJC_ISA_USAGE = YES_ERROR;
				CLANG_WARN_DOCUMENTATION_COMMENTS = YES;
				CLANG_WARN_EMPTY_BODY = YES;
				CLANG_WARN_ENUM_CONVERSION = YES;
				CLANG_WARN_INFINITE_RECURSION = YES;
				CLANG_WARN_INT_CONVERSION = YES;
				CLANG_WARN_NON_LITERAL_NULL_CONVERSION = YES;
				CLANG_WARN_OBJC_IMPLICIT_RETAIN_SELF = YES;
				CLANG_WARN_OBJC_LITERAL_CONVERSION = YES;
				CLANG_WARN_OBJC_ROOT_CLASS = YES_ERROR;
				CLANG_WARN_QUOTED_INCLUDE_IN_FRAMEWORK_HEADER = YES;
				CLANG_WARN_RANGE_LOOP_ANALYSIS = YES;
				CLANG_WARN_STRICT_PROTOTYPES = YES;
				CLANG_WARN_SUSPICIOUS_MOVE = YES;
				CLANG_WARN_UNGUARDED_AVAILABILITY = YES_AGGRESSIVE;
				CLANG_WARN_UNREACHABLE_CODE = YES;
				CLANG_WARN__DUPLICATE_METHOD_MATCH = YES;
				COPY_PHASE_STRIP = NO;
				DEBUG_INFORMATION_FORMAT = dwarf;
				ENABLE_STRICT_OBJC_MSGSEND = YES;
				ENABLE_TESTABILITY = YES;
				GCC_C_LANGUAGE_STANDARD = gnu11;
				GCC_DYNAMIC_NO_PIC = NO;
				GCC_NO_COMMON_BLOCKS = YES;
				GCC_OPTIMIZATION_LEVEL = 0;
				GCC_PREPROCESSOR_DEFINITIONS = (
					"DEBUG=1",
					"$(inherited)",
				);
				GCC_WARN_64_TO_32_BIT_CONVERSION = YES;
				GCC_WARN_ABOUT_RETURN_TYPE = YES_ERROR;
				GCC_WARN_UNDECLARED_SELECTOR = YES;
				GCC_WARN_UNINITIALIZED_AUTOS = YES_AGGRESSIVE;
				GCC_WARN_UNUSED_FUNCTION = YES;
				GCC_WARN_UNUSED_VARIABLE = YES;
				IPHONEOS_DEPLOYMENT_TARGET = 14.1;
				MTL_ENABLE_DEBUG_INFO = INCLUDE_SOURCE;
				MTL_FAST_MATH = YES;
				ONLY_ACTIVE_ARCH = YES;
				SDKROOT = iphoneos;
				SWIFT_ACTIVE_COMPILATION_CONDITIONS = DEBUG;
				SWIFT_OPTIMIZATION_LEVEL = "-Onone";
			};
			name = Debug;
		};
		F28F4B2225524329007A758E /* Release */ = {
			isa = XCBuildConfiguration;
			buildSettings = {
				ALWAYS_SEARCH_USER_PATHS = NO;
				CLANG_ANALYZER_NONNULL = YES;
				CLANG_ANALYZER_NUMBER_OBJECT_CONVERSION = YES_AGGRESSIVE;
				CLANG_CXX_LANGUAGE_STANDARD = "gnu++14";
				CLANG_CXX_LIBRARY = "libc++";
				CLANG_ENABLE_MODULES = YES;
				CLANG_ENABLE_OBJC_ARC = YES;
				CLANG_ENABLE_OBJC_WEAK = YES;
				CLANG_WARN_BLOCK_CAPTURE_AUTORELEASING = YES;
				CLANG_WARN_BOOL_CONVERSION = YES;
				CLANG_WARN_COMMA = YES;
				CLANG_WARN_CONSTANT_CONVERSION = YES;
				CLANG_WARN_DEPRECATED_OBJC_IMPLEMENTATIONS = YES;
				CLANG_WARN_DIRECT_OBJC_ISA_USAGE = YES_ERROR;
				CLANG_WARN_DOCUMENTATION_COMMENTS = YES;
				CLANG_WARN_EMPTY_BODY = YES;
				CLANG_WARN_ENUM_CONVERSION = YES;
				CLANG_WARN_INFINITE_RECURSION = YES;
				CLANG_WARN_INT_CONVERSION = YES;
				CLANG_WARN_NON_LITERAL_NULL_CONVERSION = YES;
				CLANG_WARN_OBJC_IMPLICIT_RETAIN_SELF = YES;
				CLANG_WARN_OBJC_LITERAL_CONVERSION = YES;
				CLANG_WARN_OBJC_ROOT_CLASS = YES_ERROR;
				CLANG_WARN_QUOTED_INCLUDE_IN_FRAMEWORK_HEADER = YES;
				CLANG_WARN_RANGE_LOOP_ANALYSIS = YES;
				CLANG_WARN_STRICT_PROTOTYPES = YES;
				CLANG_WARN_SUSPICIOUS_MOVE = YES;
				CLANG_WARN_UNGUARDED_AVAILABILITY = YES_AGGRESSIVE;
				CLANG_WARN_UNREACHABLE_CODE = YES;
				CLANG_WARN__DUPLICATE_METHOD_MATCH = YES;
				COPY_PHASE_STRIP = NO;
				DEBUG_INFORMATION_FORMAT = "dwarf-with-dsym";
				ENABLE_NS_ASSERTIONS = NO;
				ENABLE_STRICT_OBJC_MSGSEND = YES;
				GCC_C_LANGUAGE_STANDARD = gnu11;
				GCC_NO_COMMON_BLOCKS = YES;
				GCC_WARN_64_TO_32_BIT_CONVERSION = YES;
				GCC_WARN_ABOUT_RETURN_TYPE = YES_ERROR;
				GCC_WARN_UNDECLARED_SELECTOR = YES;
				GCC_WARN_UNINITIALIZED_AUTOS = YES_AGGRESSIVE;
				GCC_WARN_UNUSED_FUNCTION = YES;
				GCC_WARN_UNUSED_VARIABLE = YES;
				IPHONEOS_DEPLOYMENT_TARGET = 14.1;
				MTL_ENABLE_DEBUG_INFO = NO;
				MTL_FAST_MATH = YES;
				SDKROOT = iphoneos;
				SWIFT_COMPILATION_MODE = wholemodule;
				SWIFT_OPTIMIZATION_LEVEL = "-O";
				VALIDATE_PRODUCT = YES;
			};
			name = Release;
		};
		F28F4B2425524329007A758E /* Debug */ = {
			isa = XCBuildConfiguration;
			baseConfigurationReference = BAA6B99614BD1711739957C2 /* Pods-BTG Fantasy Football Pods.debug.xcconfig */;
			buildSettings = {
				ASSETCATALOG_COMPILER_APPICON_NAME = AppIcon;
				ASSETCATALOG_COMPILER_GLOBAL_ACCENT_COLOR_NAME = AccentColor;
				CODE_SIGN_STYLE = Automatic;
				DEVELOPMENT_ASSET_PATHS = "\"BTG Fantasy Football Pods/Preview Content\"";
				DEVELOPMENT_TEAM = 9XZH24N38H;
				ENABLE_PREVIEWS = YES;
				INFOPLIST_FILE = "BTG Fantasy Football Pods/Info.plist";
				IPHONEOS_DEPLOYMENT_TARGET = 14.0;
				LD_RUNPATH_SEARCH_PATHS = (
					"$(inherited)",
					"@executable_path/Frameworks",
				);
				PRODUCT_BUNDLE_IDENTIFIER = "com.jsween.BTG-Fantasy-Football-Pods";
				PRODUCT_NAME = "$(TARGET_NAME)";
				SWIFT_VERSION = 5.0;
				TARGETED_DEVICE_FAMILY = "1,2";
			};
			name = Debug;
		};
		F28F4B2525524329007A758E /* Release */ = {
			isa = XCBuildConfiguration;
			baseConfigurationReference = 792E8044142FC58962AA738D /* Pods-BTG Fantasy Football Pods.release.xcconfig */;
			buildSettings = {
				ASSETCATALOG_COMPILER_APPICON_NAME = AppIcon;
				ASSETCATALOG_COMPILER_GLOBAL_ACCENT_COLOR_NAME = AccentColor;
				CODE_SIGN_STYLE = Automatic;
				DEVELOPMENT_ASSET_PATHS = "\"BTG Fantasy Football Pods/Preview Content\"";
				DEVELOPMENT_TEAM = 9XZH24N38H;
				ENABLE_PREVIEWS = YES;
				INFOPLIST_FILE = "BTG Fantasy Football Pods/Info.plist";
				IPHONEOS_DEPLOYMENT_TARGET = 14.0;
				LD_RUNPATH_SEARCH_PATHS = (
					"$(inherited)",
					"@executable_path/Frameworks",
				);
				PRODUCT_BUNDLE_IDENTIFIER = "com.jsween.BTG-Fantasy-Football-Pods";
				PRODUCT_NAME = "$(TARGET_NAME)";
				SWIFT_VERSION = 5.0;
				TARGETED_DEVICE_FAMILY = "1,2";
			};
			name = Release;
		};
/* End XCBuildConfiguration section */

/* Begin XCConfigurationList section */
		F28F4B0F25524329007A758E /* Build configuration list for PBXProject "BTG Fantasy Football Pods" */ = {
			isa = XCConfigurationList;
			buildConfigurations = (
				F28F4B2125524329007A758E /* Debug */,
				F28F4B2225524329007A758E /* Release */,
			);
			defaultConfigurationIsVisible = 0;
			defaultConfigurationName = Release;
		};
		F28F4B2325524329007A758E /* Build configuration list for PBXNativeTarget "BTG Fantasy Football Pods" */ = {
			isa = XCConfigurationList;
			buildConfigurations = (
				F28F4B2425524329007A758E /* Debug */,
				F28F4B2525524329007A758E /* Release */,
			);
			defaultConfigurationIsVisible = 0;
			defaultConfigurationName = Release;
		};
/* End XCConfigurationList section */
	};
	rootObject = F28F4B0C25524329007A758E /* Project object */;
}
